// !$*UTF8*$!
{
	archiveVersion = 1;
	classes = {
	};
	objectVersion = 50;
	objects = {

/* Begin PBXBuildFile section */
		05D0E37F22B4191400EA9745 /* AppDelegate.swift in Sources */ = {isa = PBXBuildFile; fileRef = 05D0E37E22B4191400EA9745 /* AppDelegate.swift */; };
		05D0E38122B4191400EA9745 /* ViewController.swift in Sources */ = {isa = PBXBuildFile; fileRef = 05D0E38022B4191400EA9745 /* ViewController.swift */; };
		05D0E38422B4191400EA9745 /* Main.storyboard in Resources */ = {isa = PBXBuildFile; fileRef = 05D0E38222B4191400EA9745 /* Main.storyboard */; };
		05D0E38622B4191500EA9745 /* Assets.xcassets in Resources */ = {isa = PBXBuildFile; fileRef = 05D0E38522B4191500EA9745 /* Assets.xcassets */; };
		05D0E38922B4191500EA9745 /* LaunchScreen.storyboard in Resources */ = {isa = PBXBuildFile; fileRef = 05D0E38722B4191500EA9745 /* LaunchScreen.storyboard */; };
		05D0E39422B4191500EA9745 /* calculatorTests.swift in Sources */ = {isa = PBXBuildFile; fileRef = 05D0E39322B4191500EA9745 /* calculatorTests.swift */; };
		05D0E39F22B4191500EA9745 /* calculatorUITests.swift in Sources */ = {isa = PBXBuildFile; fileRef = 05D0E39E22B4191500EA9745 /* calculatorUITests.swift */; };
/* End PBXBuildFile section */

/* Begin PBXContainerItemProxy section */
		05D0E39022B4191500EA9745 /* PBXContainerItemProxy */ = {
			isa = PBXContainerItemProxy;
			containerPortal = 05D0E37322B4191400EA9745 /* Project object */;
			proxyType = 1;
			remoteGlobalIDString = 05D0E37A22B4191400EA9745;
			remoteInfo = calculator;
		};
		05D0E39B22B4191500EA9745 /* PBXContainerItemProxy */ = {
			isa = PBXContainerItemProxy;
			containerPortal = 05D0E37322B4191400EA9745 /* Project object */;
			proxyType = 1;
			remoteGlobalIDString = 05D0E37A22B4191400EA9745;
			remoteInfo = calculator;
		};
/* End PBXContainerItemProxy section */

/* Begin PBXFileReference section */
		05D0E37B22B4191400EA9745 /* calculator.app */ = {isa = PBXFileReference; explicitFileType = wrapper.application; includeInIndex = 0; path = calculator.app; sourceTree = BUILT_PRODUCTS_DIR; };
		05D0E37E22B4191400EA9745 /* AppDelegate.swift */ = {isa = PBXFileReference; lastKnownFileType = sourcecode.swift; path = AppDelegate.swift; sourceTree = "<group>"; };
		05D0E38022B4191400EA9745 /* ViewController.swift */ = {isa = PBXFileReference; lastKnownFileType = sourcecode.swift; path = ViewController.swift; sourceTree = "<group>"; };
		05D0E38322B4191400EA9745 /* Base */ = {isa = PBXFileReference; lastKnownFileType = file.storyboard; name = Base; path = Base.lproj/Main.storyboard; sourceTree = "<group>"; };
		05D0E38522B4191500EA9745 /* Assets.xcassets */ = {isa = PBXFileReference; lastKnownFileType = folder.assetcatalog; path = Assets.xcassets; sourceTree = "<group>"; };
		05D0E38822B4191500EA9745 /* Base */ = {isa = PBXFileReference; lastKnownFileType = file.storyboard; name = Base; path = Base.lproj/LaunchScreen.storyboard; sourceTree = "<group>"; };
		05D0E38A22B4191500EA9745 /* Info.plist */ = {isa = PBXFileReference; lastKnownFileType = text.plist.xml; path = Info.plist; sourceTree = "<group>"; };
		05D0E38F22B4191500EA9745 /* calculatorTests.xctest */ = {isa = PBXFileReference; explicitFileType = wrapper.cfbundle; includeInIndex = 0; path = calculatorTests.xctest; sourceTree = BUILT_PRODUCTS_DIR; };
		05D0E39322B4191500EA9745 /* calculatorTests.swift */ = {isa = PBXFileReference; lastKnownFileType = sourcecode.swift; path = calculatorTests.swift; sourceTree = "<group>"; };
		05D0E39522B4191500EA9745 /* Info.plist */ = {isa = PBXFileReference; lastKnownFileType = text.plist.xml; path = Info.plist; sourceTree = "<group>"; };
		05D0E39A22B4191500EA9745 /* calculatorUITests.xctest */ = {isa = PBXFileReference; explicitFileType = wrapper.cfbundle; includeInIndex = 0; path = calculatorUITests.xctest; sourceTree = BUILT_PRODUCTS_DIR; };
		05D0E39E22B4191500EA9745 /* calculatorUITests.swift */ = {isa = PBXFileReference; lastKnownFileType = sourcecode.swift; path = calculatorUITests.swift; sourceTree = "<group>"; };
		05D0E3A022B4191500EA9745 /* Info.plist */ = {isa = PBXFileReference; lastKnownFileType = text.plist.xml; path = Info.plist; sourceTree = "<group>"; };
/* End PBXFileReference section */

/* Begin PBXFrameworksBuildPhase section */
		05D0E37822B4191400EA9745 /* Frameworks */ = {
			isa = PBXFrameworksBuildPhase;
			buildActionMask = 2147483647;
			files = (
			);
			runOnlyForDeploymentPostprocessing = 0;
		};
		05D0E38C22B4191500EA9745 /* Frameworks */ = {
			isa = PBXFrameworksBuildPhase;
			buildActionMask = 2147483647;
			files = (
			);
			runOnlyForDeploymentPostprocessing = 0;
		};
		05D0E39722B4191500EA9745 /* Frameworks */ = {
			isa = PBXFrameworksBuildPhase;
			buildActionMask = 2147483647;
			files = (
			);
			runOnlyForDeploymentPostprocessing = 0;
		};
/* End PBXFrameworksBuildPhase section */

/* Begin PBXGroup section */
		05D0E37222B4191400EA9745 = {
			isa = PBXGroup;
			children = (
				05D0E37D22B4191400EA9745 /* calculator */,
				05D0E39222B4191500EA9745 /* calculatorTests */,
				05D0E39D22B4191500EA9745 /* calculatorUITests */,
				05D0E37C22B4191400EA9745 /* Products */,
			);
			sourceTree = "<group>";
		};
		05D0E37C22B4191400EA9745 /* Products */ = {
			isa = PBXGroup;
			children = (
				05D0E37B22B4191400EA9745 /* calculator.app */,
				05D0E38F22B4191500EA9745 /* calculatorTests.xctest */,
				05D0E39A22B4191500EA9745 /* calculatorUITests.xctest */,
			);
			name = Products;
			sourceTree = "<group>";
		};
		05D0E37D22B4191400EA9745 /* calculator */ = {
			isa = PBXGroup;
			children = (
				05D0E37E22B4191400EA9745 /* AppDelegate.swift */,
				05D0E38022B4191400EA9745 /* ViewController.swift */,
				05D0E38222B4191400EA9745 /* Main.storyboard */,
				05D0E38522B4191500EA9745 /* Assets.xcassets */,
				05D0E38722B4191500EA9745 /* LaunchScreen.storyboard */,
				05D0E38A22B4191500EA9745 /* Info.plist */,
			);
			path = calculator;
			sourceTree = "<group>";
		};
		05D0E39222B4191500EA9745 /* calculatorTests */ = {
			isa = PBXGroup;
			children = (
				05D0E39322B4191500EA9745 /* calculatorTests.swift */,
				05D0E39522B4191500EA9745 /* Info.plist */,
			);
			path = calculatorTests;
			sourceTree = "<group>";
		};
		05D0E39D22B4191500EA9745 /* calculatorUITests */ = {
			isa = PBXGroup;
			children = (
				05D0E39E22B4191500EA9745 /* calculatorUITests.swift */,
				05D0E3A022B4191500EA9745 /* Info.plist */,
			);
			path = calculatorUITests;
			sourceTree = "<group>";
		};
/* End PBXGroup section */

/* Begin PBXNativeTarget section */
		05D0E37A22B4191400EA9745 /* calculator */ = {
			isa = PBXNativeTarget;
			buildConfigurationList = 05D0E3A322B4191500EA9745 /* Build configuration list for PBXNativeTarget "calculator" */;
			buildPhases = (
				05D0E37722B4191400EA9745 /* Sources */,
				05D0E37822B4191400EA9745 /* Frameworks */,
				05D0E37922B4191400EA9745 /* Resources */,
			);
			buildRules = (
			);
			dependencies = (
			);
			name = calculator;
			productName = calculator;
			productReference = 05D0E37B22B4191400EA9745 /* calculator.app */;
			productType = "com.apple.product-type.application";
		};
		05D0E38E22B4191500EA9745 /* calculatorTests */ = {
			isa = PBXNativeTarget;
			buildConfigurationList = 05D0E3A622B4191500EA9745 /* Build configuration list for PBXNativeTarget "calculatorTests" */;
			buildPhases = (
				05D0E38B22B4191500EA9745 /* Sources */,
				05D0E38C22B4191500EA9745 /* Frameworks */,
				05D0E38D22B4191500EA9745 /* Resources */,
			);
			buildRules = (
			);
			dependencies = (
				05D0E39122B4191500EA9745 /* PBXTargetDependency */,
			);
			name = calculatorTests;
			productName = calculatorTests;
			productReference = 05D0E38F22B4191500EA9745 /* calculatorTests.xctest */;
			productType = "com.apple.product-type.bundle.unit-test";
		};
		05D0E39922B4191500EA9745 /* calculatorUITests */ = {
			isa = PBXNativeTarget;
			buildConfigurationList = 05D0E3A922B4191500EA9745 /* Build configuration list for PBXNativeTarget "calculatorUITests" */;
			buildPhases = (
				05D0E39622B4191500EA9745 /* Sources */,
				05D0E39722B4191500EA9745 /* Frameworks */,
				05D0E39822B4191500EA9745 /* Resources */,
			);
			buildRules = (
			);
			dependencies = (
				05D0E39C22B4191500EA9745 /* PBXTargetDependency */,
			);
			name = calculatorUITests;
			productName = calculatorUITests;
			productReference = 05D0E39A22B4191500EA9745 /* calculatorUITests.xctest */;
			productType = "com.apple.product-type.bundle.ui-testing";
		};
/* End PBXNativeTarget section */

/* Begin PBXProject section */
		05D0E37322B4191400EA9745 /* Project object */ = {
			isa = PBXProject;
			attributes = {
				LastSwiftUpdateCheck = 1010;
				LastUpgradeCheck = 1010;
				ORGANIZATIONNAME = Genesis;
				TargetAttributes = {
					05D0E37A22B4191400EA9745 = {
						CreatedOnToolsVersion = 10.1;
					};
					05D0E38E22B4191500EA9745 = {
						CreatedOnToolsVersion = 10.1;
						TestTargetID = 05D0E37A22B4191400EA9745;
					};
					05D0E39922B4191500EA9745 = {
						CreatedOnToolsVersion = 10.1;
						TestTargetID = 05D0E37A22B4191400EA9745;
					};
				};
			};
			buildConfigurationList = 05D0E37622B4191400EA9745 /* Build configuration list for PBXProject "calculator" */;
			compatibilityVersion = "Xcode 9.3";
			developmentRegion = en;
			hasScannedForEncodings = 0;
			knownRegions = (
				en,
				Base,
			);
			mainGroup = 05D0E37222B4191400EA9745;
			productRefGroup = 05D0E37C22B4191400EA9745 /* Products */;
			projectDirPath = "";
			projectRoot = "";
			targets = (
				05D0E37A22B4191400EA9745 /* calculator */,
				05D0E38E22B4191500EA9745 /* calculatorTests */,
				05D0E39922B4191500EA9745 /* calculatorUITests */,
			);
		};
/* End PBXProject section */

/* Begin PBXResourcesBuildPhase section */
		05D0E37922B4191400EA9745 /* Resources */ = {
			isa = PBXResourcesBuildPhase;
			buildActionMask = 2147483647;
			files = (
				05D0E38922B4191500EA9745 /* LaunchScreen.storyboard in Resources */,
				05D0E38622B4191500EA9745 /* Assets.xcassets in Resources */,
				05D0E38422B4191400EA9745 /* Main.storyboard in Resources */,
			);
			runOnlyForDeploymentPostprocessing = 0;
		};
		05D0E38D22B4191500EA9745 /* Resources */ = {
			isa = PBXResourcesBuildPhase;
			buildActionMask = 2147483647;
			files = (
			);
			runOnlyForDeploymentPostprocessing = 0;
		};
		05D0E39822B4191500EA9745 /* Resources */ = {
			isa = PBXResourcesBuildPhase;
			buildActionMask = 2147483647;
			files = (
			);
			runOnlyForDeploymentPostprocessing = 0;
		};
/* End PBXResourcesBuildPhase section */

/* Begin PBXSourcesBuildPhase section */
		05D0E37722B4191400EA9745 /* Sources */ = {
			isa = PBXSourcesBuildPhase;
			buildActionMask = 2147483647;
			files = (
				05D0E38122B4191400EA9745 /* ViewController.swift in Sources */,
				05D0E37F22B4191400EA9745 /* AppDelegate.swift in Sources */,
			);
			runOnlyForDeploymentPostprocessing = 0;
		};
		05D0E38B22B4191500EA9745 /* Sources */ = {
			isa = PBXSourcesBuildPhase;
			buildActionMask = 2147483647;
			files = (
				05D0E39422B4191500EA9745 /* calculatorTests.swift in Sources */,
			);
			runOnlyForDeploymentPostprocessing = 0;
		};
		05D0E39622B4191500EA9745 /* Sources */ = {
			isa = PBXSourcesBuildPhase;
			buildActionMask = 2147483647;
			files = (
				05D0E39F22B4191500EA9745 /* calculatorUITests.swift in Sources */,
			);
			runOnlyForDeploymentPostprocessing = 0;
		};
/* End PBXSourcesBuildPhase section */

/* Begin PBXTargetDependency section */
		05D0E39122B4191500EA9745 /* PBXTargetDependency */ = {
			isa = PBXTargetDependency;
			target = 05D0E37A22B4191400EA9745 /* calculator */;
			targetProxy = 05D0E39022B4191500EA9745 /* PBXContainerItemProxy */;
		};
		05D0E39C22B4191500EA9745 /* PBXTargetDependency */ = {
			isa = PBXTargetDependency;
			target = 05D0E37A22B4191400EA9745 /* calculator */;
			targetProxy = 05D0E39B22B4191500EA9745 /* PBXContainerItemProxy */;
		};
/* End PBXTargetDependency section */

/* Begin PBXVariantGroup section */
		05D0E38222B4191400EA9745 /* Main.storyboard */ = {
			isa = PBXVariantGroup;
			children = (
				05D0E38322B4191400EA9745 /* Base */,
			);
			name = Main.storyboard;
			sourceTree = "<group>";
		};
		05D0E38722B4191500EA9745 /* LaunchScreen.storyboard */ = {
			isa = PBXVariantGroup;
			children = (
				05D0E38822B4191500EA9745 /* Base */,
			);
			name = LaunchScreen.storyboard;
			sourceTree = "<group>";
		};
/* End PBXVariantGroup section */

/* Begin XCBuildConfiguration section */
		05D0E3A122B4191500EA9745 /* Debug */ = {
			isa = XCBuildConfiguration;
			buildSettings = {
				ALWAYS_SEARCH_USER_PATHS = NO;
				CLANG_ANALYZER_NONNULL = YES;
				CLANG_ANALYZER_NUMBER_OBJECT_CONVERSION = YES_AGGRESSIVE;
				CLANG_CXX_LANGUAGE_STANDARD = "gnu++14";
				CLANG_CXX_LIBRARY = "libc++";
				CLANG_ENABLE_MODULES = YES;
				CLANG_ENABLE_OBJC_ARC = YES;
				CLANG_ENABLE_OBJC_WEAK = YES;
				CLANG_WARN_BLOCK_CAPTURE_AUTORELEASING = YES;
				CLANG_WARN_BOOL_CONVERSION = YES;
				CLANG_WARN_COMMA = YES;
				CLANG_WARN_CONSTANT_CONVERSION = YES;
				CLANG_WARN_DEPRECATED_OBJC_IMPLEMENTATIONS = YES;
				CLANG_WARN_DIRECT_OBJC_ISA_USAGE = YES_ERROR;
				CLANG_WARN_DOCUMENTATION_COMMENTS = YES;
				CLANG_WARN_EMPTY_BODY = YES;
				CLANG_WARN_ENUM_CONVERSION = YES;
				CLANG_WARN_INFINITE_RECURSION = YES;
				CLANG_WARN_INT_CONVERSION = YES;
				CLANG_WARN_NON_LITERAL_NULL_CONVERSION = YES;
				CLANG_WARN_OBJC_IMPLICIT_RETAIN_SELF = YES;
				CLANG_WARN_OBJC_LITERAL_CONVERSION = YES;
				CLANG_WARN_OBJC_ROOT_CLASS = YES_ERROR;
				CLANG_WARN_RANGE_LOOP_ANALYSIS = YES;
				CLANG_WARN_STRICT_PROTOTYPES = YES;
				CLANG_WARN_SUSPICIOUS_MOVE = YES;
				CLANG_WARN_UNGUARDED_AVAILABILITY = YES_AGGRESSIVE;
				CLANG_WARN_UNREACHABLE_CODE = YES;
				CLANG_WARN__DUPLICATE_METHOD_MATCH = YES;
				CODE_SIGN_IDENTITY = "iPhone Developer";
				COPY_PHASE_STRIP = NO;
				DEBUG_INFORMATION_FORMAT = dwarf;
				ENABLE_STRICT_OBJC_MSGSEND = YES;
				ENABLE_TESTABILITY = YES;
				GCC_C_LANGUAGE_STANDARD = gnu11;
				GCC_DYNAMIC_NO_PIC = NO;
				GCC_NO_COMMON_BLOCKS = YES;
				GCC_OPTIMIZATION_LEVEL = 0;
				GCC_PREPROCESSOR_DEFINITIONS = (
					"DEBUG=1",
					"$(inherited)",
				);
				GCC_WARN_64_TO_32_BIT_CONVERSION = YES;
				GCC_WARN_ABOUT_RETURN_TYPE = YES_ERROR;
				GCC_WARN_UNDECLARED_SELECTOR = YES;
				GCC_WARN_UNINITIALIZED_AUTOS = YES_AGGRESSIVE;
				GCC_WARN_UNUSED_FUNCTION = YES;
				GCC_WARN_UNUSED_VARIABLE = YES;
				IPHONEOS_DEPLOYMENT_TARGET = 12.1;
				MTL_ENABLE_DEBUG_INFO = INCLUDE_SOURCE;
				MTL_FAST_MATH = YES;
				ONLY_ACTIVE_ARCH = YES;
				SDKROOT = iphoneos;
				SWIFT_ACTIVE_COMPILATION_CONDITIONS = DEBUG;
				SWIFT_OPTIMIZATION_LEVEL = "-Onone";
			};
			name = Debug;
		};
		05D0E3A222B4191500EA9745 /* Release */ = {
			isa = XCBuildConfiguration;
			buildSettings = {
				ALWAYS_SEARCH_USER_PATHS = NO;
				CLANG_ANALYZER_NONNULL = YES;
				CLANG_ANALYZER_NUMBER_OBJECT_CONVERSION = YES_AGGRESSIVE;
				CLANG_CXX_LANGUAGE_STANDARD = "gnu++14";
				CLANG_CXX_LIBRARY = "libc++";
				CLANG_ENABLE_MODULES = YES;
				CLANG_ENABLE_OBJC_ARC = YES;
				CLANG_ENABLE_OBJC_WEAK = YES;
				CLANG_WARN_BLOCK_CAPTURE_AUTORELEASING = YES;
				CLANG_WARN_BOOL_CONVERSION = YES;
				CLANG_WARN_COMMA = YES;
				CLANG_WARN_CONSTANT_CONVERSION = YES;
				CLANG_WARN_DEPRECATED_OBJC_IMPLEMENTATIONS = YES;
				CLANG_WARN_DIRECT_OBJC_ISA_USAGE = YES_ERROR;
				CLANG_WARN_DOCUMENTATION_COMMENTS = YES;
				CLANG_WARN_EMPTY_BODY = YES;
				CLANG_WARN_ENUM_CONVERSION = YES;
				CLANG_WARN_INFINITE_RECURSION = YES;
				CLANG_WARN_INT_CONVERSION = YES;
				CLANG_WARN_NON_LITERAL_NULL_CONVERSION = YES;
				CLANG_WARN_OBJC_IMPLICIT_RETAIN_SELF = YES;
				CLANG_WARN_OBJC_LITERAL_CONVERSION = YES;
				CLANG_WARN_OBJC_ROOT_CLASS = YES_ERROR;
				CLANG_WARN_RANGE_LOOP_ANALYSIS = YES;
				CLANG_WARN_STRICT_PROTOTYPES = YES;
				CLANG_WARN_SUSPICIOUS_MOVE = YES;
				CLANG_WARN_UNGUARDED_AVAILABILITY = YES_AGGRESSIVE;
				CLANG_WARN_UNREACHABLE_CODE = YES;
				CLANG_WARN__DUPLICATE_METHOD_MATCH = YES;
				CODE_SIGN_IDENTITY = "iPhone Developer";
				COPY_PHASE_STRIP = NO;
				DEBUG_INFORMATION_FORMAT = "dwarf-with-dsym";
				ENABLE_NS_ASSERTIONS = NO;
				ENABLE_STRICT_OBJC_MSGSEND = YES;
				GCC_C_LANGUAGE_STANDARD = gnu11;
				GCC_NO_COMMON_BLOCKS = YES;
				GCC_WARN_64_TO_32_BIT_CONVERSION = YES;
				GCC_WARN_ABOUT_RETURN_TYPE = YES_ERROR;
				GCC_WARN_UNDECLARED_SELECTOR = YES;
				GCC_WARN_UNINITIALIZED_AUTOS = YES_AGGRESSIVE;
				GCC_WARN_UNUSED_FUNCTION = YES;
				GCC_WARN_UNUSED_VARIABLE = YES;
				IPHONEOS_DEPLOYMENT_TARGET = 12.1;
				MTL_ENABLE_DEBUG_INFO = NO;
				MTL_FAST_MATH = YES;
				SDKROOT = iphoneos;
				SWIFT_COMPILATION_MODE = wholemodule;
				SWIFT_OPTIMIZATION_LEVEL = "-O";
				VALIDATE_PRODUCT = YES;
			};
			name = Release;
		};
		05D0E3A422B4191500EA9745 /* Debug */ = {
			isa = XCBuildConfiguration;
			buildSettings = {
				ASSETCATALOG_COMPILER_APPICON_NAME = AppIcon;
				CODE_SIGN_STYLE = Automatic;
				INFOPLIST_FILE = calculator/Info.plist;
				LD_RUNPATH_SEARCH_PATHS = (
					"$(inherited)",
					"@executable_path/Frameworks",
				);
				PRODUCT_BUNDLE_IDENTIFIER = interface.calculator;
				PRODUCT_NAME = "$(TARGET_NAME)";
				SWIFT_VERSION = 4.2;
				TARGETED_DEVICE_FAMILY = "1,2";
			};
			name = Debug;
		};
		05D0E3A522B4191500EA9745 /* Release */ = {
			isa = XCBuildConfiguration;
			buildSettings = {
				ASSETCATALOG_COMPILER_APPICON_NAME = AppIcon;
				CODE_SIGN_STYLE = Automatic;
				INFOPLIST_FILE = calculator/Info.plist;
				LD_RUNPATH_SEARCH_PATHS = (
					"$(inherited)",
					"@executable_path/Frameworks",
				);
				PRODUCT_BUNDLE_IDENTIFIER = interface.calculator;
				PRODUCT_NAME = "$(TARGET_NAME)";
				SWIFT_VERSION = 4.2;
				TARGETED_DEVICE_FAMILY = "1,2";
			};
			name = Release;
		};
		05D0E3A722B4191500EA9745 /* Debug */ = {
			isa = XCBuildConfiguration;
			buildSettings = {
				ALWAYS_EMBED_SWIFT_STANDARD_LIBRARIES = YES;
				BUNDLE_LOADER = "$(TEST_HOST)";
				CODE_SIGN_STYLE = Automatic;
				INFOPLIST_FILE = calculatorTests/Info.plist;
				LD_RUNPATH_SEARCH_PATHS = (
					"$(inherited)",
					"@executable_path/Frameworks",
					"@loader_path/Frameworks",
				);
				PRODUCT_BUNDLE_IDENTIFIER = interface.calculatorTests;
				PRODUCT_NAME = "$(TARGET_NAME)";
				SWIFT_VERSION = 4.2;
				TARGETED_DEVICE_FAMILY = "1,2";
				TEST_HOST = "$(BUILT_PRODUCTS_DIR)/calculator.app/calculator";
			};
			name = Debug;
		};
		05D0E3A822B4191500EA9745 /* Release */ = {
			isa = XCBuildConfiguration;
			buildSettings = {
				ALWAYS_EMBED_SWIFT_STANDARD_LIBRARIES = YES;
				BUNDLE_LOADER = "$(TEST_HOST)";
				CODE_SIGN_STYLE = Automatic;
				INFOPLIST_FILE = calculatorTests/Info.plist;
				LD_RUNPATH_SEARCH_PATHS = (
					"$(inherited)",
					"@executable_path/Frameworks",
					"@loader_path/Frameworks",
				);
				PRODUCT_BUNDLE_IDENTIFIER = interface.calculatorTests;
				PRODUCT_NAME = "$(TARGET_NAME)";
				SWIFT_VERSION = 4.2;
				TARGETED_DEVICE_FAMILY = "1,2";
				TEST_HOST = "$(BUILT_PRODUCTS_DIR)/calculator.app/calculator";
			};
			name = Release;
		};
		05D0E3AA22B4191500EA9745 /* Debug */ = {
			isa = XCBuildConfiguration;
			buildSettings = {
				ALWAYS_EMBED_SWIFT_STANDARD_LIBRARIES = YES;
				CODE_SIGN_STYLE = Automatic;
				INFOPLIST_FILE = calculatorUITests/Info.plist;
				LD_RUNPATH_SEARCH_PATHS = (
					"$(inherited)",
					"@executable_path/Frameworks",
					"@loader_path/Frameworks",
				);
				PRODUCT_BUNDLE_IDENTIFIER = interface.calculatorUITests;
				PRODUCT_NAME = "$(TARGET_NAME)";
				SWIFT_VERSION = 4.2;
				TARGETED_DEVICE_FAMILY = "1,2";
				TEST_TARGET_NAME = calculator;
			};
			name = Debug;
		};
		05D0E3AB22B4191500EA9745 /* Release */ = {
			isa = XCBuildConfiguration;
			buildSettings = {
				ALWAYS_EMBED_SWIFT_STANDARD_LIBRARIES = YES;
				CODE_SIGN_STYLE = Automatic;
				INFOPLIST_FILE = calculatorUITests/Info.plist;
				LD_RUNPATH_SEARCH_PATHS = (
					"$(inherited)",
					"@executable_path/Frameworks",
					"@loader_path/Frameworks",
				);
				PRODUCT_BUNDLE_IDENTIFIER = interface.calculatorUITests;
				PRODUCT_NAME = "$(TARGET_NAME)";
				SWIFT_VERSION = 4.2;
				TARGETED_DEVICE_FAMILY = "1,2";
				TEST_TARGET_NAME = calculator;
			};
			name = Release;
		};
/* End XCBuildConfiguration section */

/* Begin XCConfigurationList section */
		05D0E37622B4191400EA9745 /* Build configuration list for PBXProject "calculator" */ = {
			isa = XCConfigurationList;
			buildConfigurations = (
				05D0E3A122B4191500EA9745 /* Debug */,
				05D0E3A222B4191500EA9745 /* Release */,
			);
			defaultConfigurationIsVisible = 0;
			defaultConfigurationName = Release;
		};
		05D0E3A322B4191500EA9745 /* Build configuration list for PBXNativeTarget "calculator" */ = {
			isa = XCConfigurationList;
			buildConfigurations = (
				05D0E3A422B4191500EA9745 /* Debug */,
				05D0E3A522B4191500EA9745 /* Release */,
			);
			defaultConfigurationIsVisible = 0;
			defaultConfigurationName = Release;
		};
		05D0E3A622B4191500EA9745 /* Build configuration list for PBXNativeTarget "calculatorTests" */ = {
			isa = XCConfigurationList;
			buildConfigurations = (
				05D0E3A722B4191500EA9745 /* Debug */,
				05D0E3A822B4191500EA9745 /* Release */,
			);
			defaultConfigurationIsVisible = 0;
			defaultConfigurationName = Release;
		};
		05D0E3A922B4191500EA9745 /* Build configuration list for PBXNativeTarget "calculatorUITests" */ = {
			isa = XCConfigurationList;
			buildConfigurations = (
				05D0E3AA22B4191500EA9745 /* Debug */,
				05D0E3AB22B4191500EA9745 /* Release */,
			);
			defaultConfigurationIsVisible = 0;
			defaultConfigurationName = Release;
		};
/* End XCConfigurationList section */
	};
	rootObject = 05D0E37322B4191400EA9745 /* Project object */;
}
